[[package]]
name = "atomicwrites"
version = "1.4.1"
description = "Atomic file writes."
category = "dev"
optional = false
python-versions = ">=2.7, !=3.0.*, !=3.1.*, !=3.2.*, !=3.3.*"

[[package]]
name = "attrs"
version = "22.1.0"
description = "Classes Without Boilerplate"
category = "dev"
optional = false
python-versions = ">=3.5"

[package.extras]
tests_no_zope = ["cloudpickle", "pytest-mypy-plugins", "mypy (>=0.900,!=0.940)", "pytest (>=4.3.0)", "pympler", "hypothesis", "coverage[toml] (>=5.0.2)"]
tests = ["cloudpickle", "zope.interface", "pytest-mypy-plugins", "mypy (>=0.900,!=0.940)", "pytest (>=4.3.0)", "pympler", "hypothesis", "coverage[toml] (>=5.0.2)"]
docs = ["sphinx-notfound-page", "zope.interface", "sphinx", "furo"]
dev = ["cloudpickle", "pre-commit", "sphinx-notfound-page", "sphinx", "furo", "zope.interface", "pytest-mypy-plugins", "mypy (>=0.900,!=0.940)", "pytest (>=4.3.0)", "pympler", "hypothesis", "coverage[toml] (>=5.0.2)"]

[[package]]
name = "certifi"
version = "2022.12.7"
description = "Python package for providing Mozilla's CA Bundle."
category = "main"
optional = false
python-versions = ">=3.6"

[[package]]
name = "charset-normalizer"
version = "2.1.1"
description = "The Real First Universal Charset Detector. Open, modern and actively maintained alternative to Chardet."
category = "main"
optional = false
python-versions = ">=3.6.0"

[package.extras]
unicode_backport = ["unicodedata2"]

[[package]]
name = "colorama"
version = "0.4.6"
description = "Cross-platform colored terminal text."
category = "dev"
optional = false
python-versions = "!=3.0.*,!=3.1.*,!=3.2.*,!=3.3.*,!=3.4.*,!=3.5.*,!=3.6.*,>=2.7"

[[package]]
name = "commonmark"
version = "0.9.1"
description = "Python parser for the CommonMark Markdown spec"
category = "main"
optional = false
python-versions = "*"

[package.extras]
test = ["hypothesis (==3.55.3)", "flake8 (==3.7.8)"]

[[package]]
name = "fire"
version = "0.4.0"
description = "A library for automatically generating command line interfaces."
category = "main"
optional = false
python-versions = "*"

[package.dependencies]
six = "*"
termcolor = "*"

[[package]]
name = "idna"
version = "3.4"
description = "Internationalized Domain Names in Applications (IDNA)"
category = "main"
optional = false
python-versions = ">=3.5"

[[package]]
name = "more-itertools"
version = "9.0.0"
description = "More routines for operating on iterables, beyond itertools"
category = "dev"
optional = false
python-versions = ">=3.7"

[[package]]
name = "packaging"
version = "22.0"
description = "Core utilities for Python packages"
category = "dev"
optional = false
python-versions = ">=3.7"

[[package]]
name = "pluggy"
version = "0.13.1"
description = "plugin and hook calling mechanisms for python"
category = "dev"
optional = false
python-versions = ">=2.7, !=3.0.*, !=3.1.*, !=3.2.*, !=3.3.*"

[package.extras]
dev = ["pre-commit", "tox"]

[[package]]
name = "py"
version = "1.11.0"
description = "library with cross-python path, ini-parsing, io, code, log facilities"
category = "dev"
optional = false
python-versions = ">=2.7, !=3.0.*, !=3.1.*, !=3.2.*, !=3.3.*, !=3.4.*"

[[package]]
name = "pygments"
version = "2.13.0"
description = "Pygments is a syntax highlighting package written in Python."
category = "main"
optional = false
python-versions = ">=3.6"

[package.extras]
plugins = ["importlib-metadata"]

[[package]]
name = "pytest"
version = "5.4.3"
description = "pytest: simple powerful testing with Python"
category = "dev"
optional = false
python-versions = ">=3.5"

[package.dependencies]
atomicwrites = {version = ">=1.0", markers = "sys_platform == \"win32\""}
attrs = ">=17.4.0"
colorama = {version = "*", markers = "sys_platform == \"win32\""}
more-itertools = ">=4.0.0"
packaging = "*"
pluggy = ">=0.12,<1.0"
py = ">=1.5.0"
wcwidth = "*"

[package.extras]
checkqa-mypy = ["mypy (==v0.761)"]
testing = ["argcomplete", "hypothesis (>=3.56)", "mock", "nose", "requests", "xmlschema"]

[[package]]
name = "requests"
version = "2.28.1"
description = "Python HTTP for Humans."
category = "main"
optional = false
python-versions = ">=3.7, <4"

[package.dependencies]
certifi = ">=2017.4.17"
charset-normalizer = ">=2,<3"
idna = ">=2.5,<4"
urllib3 = ">=1.21.1,<1.27"

[package.extras]
use_chardet_on_py3 = ["chardet (>=3.0.2,<6)"]
socks = ["PySocks (>=1.5.6,!=1.5.7)"]

[[package]]
name = "rich"
version = "12.6.0"
description = "Render rich text, tables, progress bars, syntax highlighting, markdown and more to the terminal"
category = "main"
optional = false
python-versions = ">=3.6.3,<4.0.0"

[package.dependencies]
commonmark = ">=0.9.0,<0.10.0"
pygments = ">=2.6.0,<3.0.0"

[package.extras]
jupyter = ["ipywidgets (>=7.5.1,<8.0.0)"]

[[package]]
name = "six"
version = "1.16.0"
description = "Python 2 and 3 compatibility utilities"
category = "main"
optional = false
python-versions = ">=2.7, !=3.0.*, !=3.1.*, !=3.2.*"

[[package]]
name = "termcolor"
version = "2.1.1"
description = "ANSI color formatting for output in terminal"
category = "main"
optional = false
python-versions = ">=3.7"

[package.extras]
tests = ["pytest", "pytest-cov"]

[[package]]
name = "urllib3"
version = "1.26.13"
description = "HTTP library with thread-safe connection pooling, file post, and more."
category = "main"
optional = false
python-versions = ">=2.7, !=3.0.*, !=3.1.*, !=3.2.*, !=3.3.*, !=3.4.*, !=3.5.*"

[package.extras]
brotli = ["brotlicffi (>=0.8.0)", "brotli (>=1.0.9)", "brotlipy (>=0.6.0)"]
secure = ["pyOpenSSL (>=0.14)", "cryptography (>=1.3.4)", "idna (>=2.0.0)", "certifi", "urllib3-secure-extra", "ipaddress"]
socks = ["PySocks (>=1.5.6,!=1.5.7,<2.0)"]

[[package]]
name = "wcwidth"
version = "0.2.5"
description = "Measures the displayed width of unicode strings in a terminal"
category = "dev"
optional = false
python-versions = "*"

[metadata]
lock-version = "1.1"
python-versions = "^3.10"
content-hash = "b83b0ed3c2c2b5ad50b2403ae644a8450fcf891f2b340b9c446f1834b082986b"

[metadata.files]
atomicwrites = []
attrs = []
certifi = []
charset-normalizer = []
colorama = []
commonmark = []
fire = []
idna = []
more-itertools = []
packaging = []
pluggy = []
py = [
    {file = "py-1.11.0-py2.py3-none-any.whl", hash = "sha256:607c53218732647dff4acdfcd50cb62615cedf612e72d1724fb1a0cc6405b378"},
    {file = "py-1.11.0.tar.gz", hash = "sha256:51c75c4126074b472f746a24399ad32f6053d1b34b68d2fa41e558e6f4a98719"},
]
pygments = []
pytest = []
requests = []
rich = []
six = [
    {file = "six-1.16.0-py2.py3-none-any.whl", hash = "sha256:8abb2f1d86890a2dfb989f9a77cfcfd3e47c2a354b01111771326f8aa26e0254"},
    {file = "six-1.16.0.tar.gz", hash = "sha256:1e61c37477a1626458e36f7b1d82aa5c9b094fa4802892072e49de9c60c4c926"},
]
termcolor = []
urllib3 = []
wcwidth = [
    {file = "wcwidth-0.2.5-py2.py3-none-any.whl", hash = "sha256:beb4802a9cebb9144e99086eff703a642a13d6a0052920003a230f3294bbe784"},
    {file = "wcwidth-0.2.5.tar.gz", hash = "sha256:c4d647b99872929fdb7bdcaa4fbe7f01413ed3d98077df798530e5b04f116c83"},
]
